
Microsoft Visual Studio Solution File, Format Version 12.00
# Visual Studio 15
VisualStudioVersion = 15.0.26124.0
MinimumVisualStudioVersion = 15.0.26124.0
Project("{2150E333-8FDC-42A3-9474-1A3956D46DE8}") = "src", "src", "{198674B6-1F95-44EF-8CCF-A700C57C76E2}"
EndProject
Project("{FAE04EC0-301F-11D3-BF4B-00C04F79EFBC}") = "Flagscript", "src\Flagscript\Flagscript.csproj", "{A7787932-152E-4A8E-B4C9-BD6185597194}"
EndProject
Project("{2150E333-8FDC-42A3-9474-1A3956D46DE8}") = "test", "test", "{B7782160-D212-4898-89E5-97C7367FFBFB}"
EndProject
Project("{FAE04EC0-301F-11D3-BF4B-00C04F79EFBC}") = "Flagscript.Test", "test\Flagscript.Test\Flagscript.Test.csproj", "{A58D798D-B99D-4312-A65E-9372CCA693A8}"
EndProject
Global
	GlobalSection(SolutionConfigurationPlatforms) = preSolution
		Debug|Any CPU = Debug|Any CPU
		Debug|x64 = Debug|x64
		Debug|x86 = Debug|x86
		Release|Any CPU = Release|Any CPU
		Release|x64 = Release|x64
		Release|x86 = Release|x86
	EndGlobalSection
	GlobalSection(SolutionProperties) = preSolution
		HideSolutionNode = FALSE
	EndGlobalSection
	GlobalSection(ProjectConfigurationPlatforms) = postSolution
		{A7787932-152E-4A8E-B4C9-BD6185597194}.Debug|Any CPU.ActiveCfg = Debug|Any CPU
		{A7787932-152E-4A8E-B4C9-BD6185597194}.Debug|Any CPU.Build.0 = Debug|Any CPU
		{A7787932-152E-4A8E-B4C9-BD6185597194}.Debug|x64.ActiveCfg = Debug|Any CPU
		{A7787932-152E-4A8E-B4C9-BD6185597194}.Debug|x64.Build.0 = Debug|Any CPU
		{A7787932-152E-4A8E-B4C9-BD6185597194}.Debug|x86.ActiveCfg = Debug|Any CPU
		{A7787932-152E-4A8E-B4C9-BD6185597194}.Debug|x86.Build.0 = Debug|Any CPU
		{A7787932-152E-4A8E-B4C9-BD6185597194}.Release|Any CPU.ActiveCfg = Release|Any CPU
		{A7787932-152E-4A8E-B4C9-BD6185597194}.Release|Any CPU.Build.0 = Release|Any CPU
		{A7787932-152E-4A8E-B4C9-BD6185597194}.Release|x64.ActiveCfg = Release|Any CPU
		{A7787932-152E-4A8E-B4C9-BD6185597194}.Release|x64.Build.0 = Release|Any CPU
		{A7787932-152E-4A8E-B4C9-BD6185597194}.Release|x86.ActiveCfg = Release|Any CPU
		{A7787932-152E-4A8E-B4C9-BD6185597194}.Release|x86.Build.0 = Release|Any CPU
		{A58D798D-B99D-4312-A65E-9372CCA693A8}.Debug|Any CPU.ActiveCfg = Debug|Any CPU
		{A58D798D-B99D-4312-A65E-9372CCA693A8}.Debug|Any CPU.Build.0 = Debug|Any CPU
		{A58D798D-B99D-4312-A65E-9372CCA693A8}.Debug|x64.ActiveCfg = Debug|Any CPU
		{A58D798D-B99D-4312-A65E-9372CCA693A8}.Debug|x64.Build.0 = Debug|Any CPU
		{A58D798D-B99D-4312-A65E-9372CCA693A8}.Debug|x86.ActiveCfg = Debug|Any CPU
		{A58D798D-B99D-4312-A65E-9372CCA693A8}.Debug|x86.Build.0 = Debug|Any CPU
		{A58D798D-B99D-4312-A65E-9372CCA693A8}.Release|Any CPU.ActiveCfg = Release|Any CPU
		{A58D798D-B99D-4312-A65E-9372CCA693A8}.Release|Any CPU.Build.0 = Release|Any CPU
		{A58D798D-B99D-4312-A65E-9372CCA693A8}.Release|x64.ActiveCfg = Release|Any CPU
		{A58D798D-B99D-4312-A65E-9372CCA693A8}.Release|x64.Build.0 = Release|Any CPU
		{A58D798D-B99D-4312-A65E-9372CCA693A8}.Release|x86.ActiveCfg = Release|Any CPU
		{A58D798D-B99D-4312-A65E-9372CCA693A8}.Release|x86.Build.0 = Release|Any CPU
	EndGlobalSection
	GlobalSection(NestedProjects) = preSolution
		{A7787932-152E-4A8E-B4C9-BD6185597194} = {198674B6-1F95-44EF-8CCF-A700C57C76E2}
		{A58D798D-B99D-4312-A65E-9372CCA693A8} = {B7782160-D212-4898-89E5-97C7367FFBFB}
	EndGlobalSection
	GlobalSection(MonoDevelopProperties) = preSolution
		description = Foundational Classes for the Flagscript Framework.
		version = 3.0.1
	EndGlobalSection
EndGlobal
